
Microsoft Visual Studio Solution File, Format Version 12.00
# Visual Studio Version 17
VisualStudioVersion = 17.5.002.0
MinimumVisualStudioVersion = 10.0.40219.1
Project("{2150E333-8FDC-42A3-9474-1A3956D46DE8}") = "Files", "Files", "{707DD7BE-23CA-4AC2-94BA-826206F8B90C}"
EndProject
Project("{9A19103F-16F7-4668-BE54-9A1E7A4F7556}") = "CreateFiles", "Files\CreateFiles\CreateFiles.csproj", "{9DAEF48A-4F34-4BEB-8652-E53A0D913239}"
EndProject
Project("{9A19103F-16F7-4668-BE54-9A1E7A4F7556}") = "Directories", "Files\Directories\Directories.csproj", "{1A7970DC-6875-4431-93AC-FE0A674B8B8C}"
EndProject
Project("{9A19103F-16F7-4668-BE54-9A1E7A4F7556}") = "FileInfo", "Files\FileInfo\FileInfo.csproj", "{86C46AC6-26B1-48B1-B011-226AC492F244}"
EndProject
Project("{9A19103F-16F7-4668-BE54-9A1E7A4F7556}") = "ReadWriteFiles", "Files\ReadWriteFiles\ReadWriteFiles.csproj", "{0E9B3DE8-A0A6-44C0-9A02-B02A59C18350}"
EndProject
Project("{2150E333-8FDC-42A3-9474-1A3956D46DE8}") = "NumbersDates", "NumbersDates", "{596988B2-D349-49A1-AF60-58E881D103D9}"
EndProject
Project("{9A19103F-16F7-4668-BE54-9A1E7A4F7556}") = "DateTimeClass", "NumbersDates\DateTimeClass\DateTimeClass.csproj", "{86945FF6-05ED-479A-A850-EF5E46455207}"
EndProject
Project("{9A19103F-16F7-4668-BE54-9A1E7A4F7556}") = "FormatDates", "NumbersDates\FormatDates\FormatDates.csproj", "{1F875C2A-A245-445B-8488-DFC0A048B7F8}"
EndProject
Project("{9A19103F-16F7-4668-BE54-9A1E7A4F7556}") = "FormatNumbers", "NumbersDates\FormatNumbers\FormatNumbers.csproj", "{5AC07C91-1A35-4738-B774-9A2132E5D156}"
EndProject
Project("{9A19103F-16F7-4668-BE54-9A1E7A4F7556}") = "ParseDates", "NumbersDates\ParseDates\ParseDates.csproj", "{E47A1989-A9F1-4162-81AA-7AFF87753A43}"
EndProject
Project("{9A19103F-16F7-4668-BE54-9A1E7A4F7556}") = "ParseNumbers", "NumbersDates\ParseNumbers\ParseNumbers.csproj", "{A4FE03F5-F270-4207-A24F-76BED6D7EF70}"
EndProject
Project("{2150E333-8FDC-42A3-9474-1A3956D46DE8}") = "Overview", "Overview", "{548A00C0-50EB-484E-AB19-C6EA389C7169}"
EndProject
Project("{9A19103F-16F7-4668-BE54-9A1E7A4F7556}") = "DataTypes", "Overview\DataTypes\DataTypes.csproj", "{BEC2F906-2810-4CA3-AF2B-6DFA5519C95D}"
EndProject
Project("{9A19103F-16F7-4668-BE54-9A1E7A4F7556}") = "GarbageCollect", "Overview\GarbageCollect\GarbageCollect.csproj", "{D28B79BF-450A-4B8F-9EFE-F2C03B79D390}"
EndProject
Project("{9A19103F-16F7-4668-BE54-9A1E7A4F7556}") = "MyConsoleApp", "Overview\MyConsoleApp\MyConsoleApp.csproj", "{DB29AD41-CAA5-4C3E-B6DF-BDCC52A14F76}"
EndProject
Project("{2150E333-8FDC-42A3-9474-1A3956D46DE8}") = "Regex", "Regex", "{BBF34249-8957-4592-9763-006A1A89E7EA}"
EndProject
Project("{9A19103F-16F7-4668-BE54-9A1E7A4F7556}") = "Finding", "Regex\Finding\Finding.csproj", "{92510DA2-2AF4-4540-BE3C-93D401403152}"
EndProject
Project("{9A19103F-16F7-4668-BE54-9A1E7A4F7556}") = "Replacing", "Regex\Replacing\Replacing.csproj", "{7CB8738D-175D-43B0-A17D-562C59D8BB16}"
EndProject
Project("{9A19103F-16F7-4668-BE54-9A1E7A4F7556}") = "RegexTimeouts", "Regex\Timeouts\RegexTimeouts.csproj", "{96CD8DD6-11D3-44EF-85A4-FBACEDE9FB26}"
EndProject
Project("{2150E333-8FDC-42A3-9474-1A3956D46DE8}") = "Strings", "Strings", "{577C2D9E-2166-47C1-8150-7460046E573B}"
EndProject
Project("{9A19103F-16F7-4668-BE54-9A1E7A4F7556}") = "Formatting", "Strings\Formatting\Formatting.csproj", "{D304F382-60A5-4F54-BCF3-A902E2308966}"
EndProject
Project("{9A19103F-16F7-4668-BE54-9A1E7A4F7556}") = "Interpolation", "Strings\Interpolation\Interpolation.csproj", "{6223CCCA-D3F2-4C32-A547-361DC7E89EF8}"
EndProject
Project("{9A19103F-16F7-4668-BE54-9A1E7A4F7556}") = "Manipulation", "Strings\Manipulation\Manipulation.csproj", "{B1D47CDD-6318-435D-A502-FB93F515D9CA}"
EndProject
Project("{9A19103F-16F7-4668-BE54-9A1E7A4F7556}") = "Searching", "Strings\Searching\Searching.csproj", "{6462274E-10F4-4D50-AE01-E428374BE86A}"
EndProject
Global
	GlobalSection(SolutionConfigurationPlatforms) = preSolution
		Debug|Any CPU = Debug|Any CPU
		Release|Any CPU = Release|Any CPU
	EndGlobalSection
	GlobalSection(ProjectConfigurationPlatforms) = postSolution
		{9DAEF48A-4F34-4BEB-8652-E53A0D913239}.Debug|Any CPU.ActiveCfg = Debug|Any CPU
		{9DAEF48A-4F34-4BEB-8652-E53A0D913239}.Debug|Any CPU.Build.0 = Debug|Any CPU
		{9DAEF48A-4F34-4BEB-8652-E53A0D913239}.Release|Any CPU.ActiveCfg = Release|Any CPU
		{9DAEF48A-4F34-4BEB-8652-E53A0D913239}.Release|Any CPU.Build.0 = Release|Any CPU
		{1A7970DC-6875-4431-93AC-FE0A674B8B8C}.Debug|Any CPU.ActiveCfg = Debug|Any CPU
		{1A7970DC-6875-4431-93AC-FE0A674B8B8C}.Debug|Any CPU.Build.0 = Debug|Any CPU
		{1A7970DC-6875-4431-93AC-FE0A674B8B8C}.Release|Any CPU.ActiveCfg = Release|Any CPU
		{1A7970DC-6875-4431-93AC-FE0A674B8B8C}.Release|Any CPU.Build.0 = Release|Any CPU
		{86C46AC6-26B1-48B1-B011-226AC492F244}.Debug|Any CPU.ActiveCfg = Debug|Any CPU
		{86C46AC6-26B1-48B1-B011-226AC492F244}.Debug|Any CPU.Build.0 = Debug|Any CPU
		{86C46AC6-26B1-48B1-B011-226AC492F244}.Release|Any CPU.ActiveCfg = Release|Any CPU
		{86C46AC6-26B1-48B1-B011-226AC492F244}.Release|Any CPU.Build.0 = Release|Any CPU
		{0E9B3DE8-A0A6-44C0-9A02-B02A59C18350}.Debug|Any CPU.ActiveCfg = Debug|Any CPU
		{0E9B3DE8-A0A6-44C0-9A02-B02A59C18350}.Debug|Any CPU.Build.0 = Debug|Any CPU
		{0E9B3DE8-A0A6-44C0-9A02-B02A59C18350}.Release|Any CPU.ActiveCfg = Release|Any CPU
		{0E9B3DE8-A0A6-44C0-9A02-B02A59C18350}.Release|Any CPU.Build.0 = Release|Any CPU
		{86945FF6-05ED-479A-A850-EF5E46455207}.Debug|Any CPU.ActiveCfg = Debug|Any CPU
		{86945FF6-05ED-479A-A850-EF5E46455207}.Debug|Any CPU.Build.0 = Debug|Any CPU
		{86945FF6-05ED-479A-A850-EF5E46455207}.Release|Any CPU.ActiveCfg = Release|Any CPU
		{86945FF6-05ED-479A-A850-EF5E46455207}.Release|Any CPU.Build.0 = Release|Any CPU
		{1F875C2A-A245-445B-8488-DFC0A048B7F8}.Debug|Any CPU.ActiveCfg = Debug|Any CPU
		{1F875C2A-A245-445B-8488-DFC0A048B7F8}.Debug|Any CPU.Build.0 = Debug|Any CPU
		{1F875C2A-A245-445B-8488-DFC0A048B7F8}.Release|Any CPU.ActiveCfg = Release|Any CPU
		{1F875C2A-A245-445B-8488-DFC0A048B7F8}.Release|Any CPU.Build.0 = Release|Any CPU
		{5AC07C91-1A35-4738-B774-9A2132E5D156}.Debug|Any CPU.ActiveCfg = Debug|Any CPU
		{5AC07C91-1A35-4738-B774-9A2132E5D156}.Debug|Any CPU.Build.0 = Debug|Any CPU
		{5AC07C91-1A35-4738-B774-9A2132E5D156}.Release|Any CPU.ActiveCfg = Release|Any CPU
		{5AC07C91-1A35-4738-B774-9A2132E5D156}.Release|Any CPU.Build.0 = Release|Any CPU
		{E47A1989-A9F1-4162-81AA-7AFF87753A43}.Debug|Any CPU.ActiveCfg = Debug|Any CPU
		{E47A1989-A9F1-4162-81AA-7AFF87753A43}.Debug|Any CPU.Build.0 = Debug|Any CPU
		{E47A1989-A9F1-4162-81AA-7AFF87753A43}.Release|Any CPU.ActiveCfg = Release|Any CPU
		{E47A1989-A9F1-4162-81AA-7AFF87753A43}.Release|Any CPU.Build.0 = Release|Any CPU
		{A4FE03F5-F270-4207-A24F-76BED6D7EF70}.Debug|Any CPU.ActiveCfg = Debug|Any CPU
		{A4FE03F5-F270-4207-A24F-76BED6D7EF70}.Debug|Any CPU.Build.0 = Debug|Any CPU
		{A4FE03F5-F270-4207-A24F-76BED6D7EF70}.Release|Any CPU.ActiveCfg = Release|Any CPU
		{A4FE03F5-F270-4207-A24F-76BED6D7EF70}.Release|Any CPU.Build.0 = Release|Any CPU
		{BEC2F906-2810-4CA3-AF2B-6DFA5519C95D}.Debug|Any CPU.ActiveCfg = Debug|Any CPU
		{BEC2F906-2810-4CA3-AF2B-6DFA5519C95D}.Debug|Any CPU.Build.0 = Debug|Any CPU
		{BEC2F906-2810-4CA3-AF2B-6DFA5519C95D}.Release|Any CPU.ActiveCfg = Release|Any CPU
		{BEC2F906-2810-4CA3-AF2B-6DFA5519C95D}.Release|Any CPU.Build.0 = Release|Any CPU
		{D28B79BF-450A-4B8F-9EFE-F2C03B79D390}.Debug|Any CPU.ActiveCfg = Debug|Any CPU
		{D28B79BF-450A-4B8F-9EFE-F2C03B79D390}.Debug|Any CPU.Build.0 = Debug|Any CPU
		{D28B79BF-450A-4B8F-9EFE-F2C03B79D390}.Release|Any CPU.ActiveCfg = Release|Any CPU
		{D28B79BF-450A-4B8F-9EFE-F2C03B79D390}.Release|Any CPU.Build.0 = Release|Any CPU
		{DB29AD41-CAA5-4C3E-B6DF-BDCC52A14F76}.Debug|Any CPU.ActiveCfg = Debug|Any CPU
		{DB29AD41-CAA5-4C3E-B6DF-BDCC52A14F76}.Debug|Any CPU.Build.0 = Debug|Any CPU
		{DB29AD41-CAA5-4C3E-B6DF-BDCC52A14F76}.Release|Any CPU.ActiveCfg = Release|Any CPU
		{DB29AD41-CAA5-4C3E-B6DF-BDCC52A14F76}.Release|Any CPU.Build.0 = Release|Any CPU
		{92510DA2-2AF4-4540-BE3C-93D401403152}.Debug|Any CPU.ActiveCfg = Debug|Any CPU
		{92510DA2-2AF4-4540-BE3C-93D401403152}.Debug|Any CPU.Build.0 = Debug|Any CPU
		{92510DA2-2AF4-4540-BE3C-93D401403152}.Release|Any CPU.ActiveCfg = Release|Any CPU
		{92510DA2-2AF4-4540-BE3C-93D401403152}.Release|Any CPU.Build.0 = Release|Any CPU
		{7CB8738D-175D-43B0-A17D-562C59D8BB16}.Debug|Any CPU.ActiveCfg = Debug|Any CPU
		{7CB8738D-175D-43B0-A17D-562C59D8BB16}.Debug|Any CPU.Build.0 = Debug|Any CPU
		{7CB8738D-175D-43B0-A17D-562C59D8BB16}.Release|Any CPU.ActiveCfg = Release|Any CPU
		{7CB8738D-175D-43B0-A17D-562C59D8BB16}.Release|Any CPU.Build.0 = Release|Any CPU
		{96CD8DD6-11D3-44EF-85A4-FBACEDE9FB26}.Debug|Any CPU.ActiveCfg = Debug|Any CPU
		{96CD8DD6-11D3-44EF-85A4-FBACEDE9FB26}.Debug|Any CPU.Build.0 = Debug|Any CPU
		{96CD8DD6-11D3-44EF-85A4-FBACEDE9FB26}.Release|Any CPU.ActiveCfg = Release|Any CPU
		{96CD8DD6-11D3-44EF-85A4-FBACEDE9FB26}.Release|Any CPU.Build.0 = Release|Any CPU
		{D304F382-60A5-4F54-BCF3-A902E2308966}.Debug|Any CPU.ActiveCfg = Debug|Any CPU
		{D304F382-60A5-4F54-BCF3-A902E2308966}.Debug|Any CPU.Build.0 = Debug|Any CPU
		{D304F382-60A5-4F54-BCF3-A902E2308966}.Release|Any CPU.ActiveCfg = Release|Any CPU
		{D304F382-60A5-4F54-BCF3-A902E2308966}.Release|Any CPU.Build.0 = Release|Any CPU
		{6223CCCA-D3F2-4C32-A547-361DC7E89EF8}.Debug|Any CPU.ActiveCfg = Debug|Any CPU
		{6223CCCA-D3F2-4C32-A547-361DC7E89EF8}.Debug|Any CPU.Build.0 = Debug|Any CPU
		{6223CCCA-D3F2-4C32-A547-361DC7E89EF8}.Release|Any CPU.ActiveCfg = Release|Any CPU
		{6223CCCA-D3F2-4C32-A547-361DC7E89EF8}.Release|Any CPU.Build.0 = Release|Any CPU
		{B1D47CDD-6318-435D-A502-FB93F515D9CA}.Debug|Any CPU.ActiveCfg = Debug|Any CPU
		{B1D47CDD-6318-435D-A502-FB93F515D9CA}.Debug|Any CPU.Build.0 = Debug|Any CPU
		{B1D47CDD-6318-435D-A502-FB93F515D9CA}.Release|Any CPU.ActiveCfg = Release|Any CPU
		{B1D47CDD-6318-435D-A502-FB93F515D9CA}.Release|Any CPU.Build.0 = Release|Any CPU
		{6462274E-10F4-4D50-AE01-E428374BE86A}.Debug|Any CPU.ActiveCfg = Debug|Any CPU
		{6462274E-10F4-4D50-AE01-E428374BE86A}.Debug|Any CPU.Build.0 = Debug|Any CPU
		{6462274E-10F4-4D50-AE01-E428374BE86A}.Release|Any CPU.ActiveCfg = Release|Any CPU
		{6462274E-10F4-4D50-AE01-E428374BE86A}.Release|Any CPU.Build.0 = Release|Any CPU
	EndGlobalSection
	GlobalSection(SolutionProperties) = preSolution
		HideSolutionNode = FALSE
	EndGlobalSection
	GlobalSection(NestedProjects) = preSolution
		{9DAEF48A-4F34-4BEB-8652-E53A0D913239} = {707DD7BE-23CA-4AC2-94BA-826206F8B90C}
		{1A7970DC-6875-4431-93AC-FE0A674B8B8C} = {707DD7BE-23CA-4AC2-94BA-826206F8B90C}
		{86C46AC6-26B1-48B1-B011-226AC492F244} = {707DD7BE-23CA-4AC2-94BA-826206F8B90C}
		{0E9B3DE8-A0A6-44C0-9A02-B02A59C18350} = {707DD7BE-23CA-4AC2-94BA-826206F8B90C}
		{86945FF6-05ED-479A-A850-EF5E46455207} = {596988B2-D349-49A1-AF60-58E881D103D9}
		{1F875C2A-A245-445B-8488-DFC0A048B7F8} = {596988B2-D349-49A1-AF60-58E881D103D9}
		{5AC07C91-1A35-4738-B774-9A2132E5D156} = {596988B2-D349-49A1-AF60-58E881D103D9}
		{E47A1989-A9F1-4162-81AA-7AFF87753A43} = {596988B2-D349-49A1-AF60-58E881D103D9}
		{A4FE03F5-F270-4207-A24F-76BED6D7EF70} = {596988B2-D349-49A1-AF60-58E881D103D9}
		{BEC2F906-2810-4CA3-AF2B-6DFA5519C95D} = {548A00C0-50EB-484E-AB19-C6EA389C7169}
		{D28B79BF-450A-4B8F-9EFE-F2C03B79D390} = {548A00C0-50EB-484E-AB19-C6EA389C7169}
		{DB29AD41-CAA5-4C3E-B6DF-BDCC52A14F76} = {548A00C0-50EB-484E-AB19-C6EA389C7169}
		{92510DA2-2AF4-4540-BE3C-93D401403152} = {BBF34249-8957-4592-9763-006A1A89E7EA}
		{7CB8738D-175D-43B0-A17D-562C59D8BB16} = {BBF34249-8957-4592-9763-006A1A89E7EA}
		{96CD8DD6-11D3-44EF-85A4-FBACEDE9FB26} = {BBF34249-8957-4592-9763-006A1A89E7EA}
		{D304F382-60A5-4F54-BCF3-A902E2308966} = {577C2D9E-2166-47C1-8150-7460046E573B}
		{6223CCCA-D3F2-4C32-A547-361DC7E89EF8} = {577C2D9E-2166-47C1-8150-7460046E573B}
		{B1D47CDD-6318-435D-A502-FB93F515D9CA} = {577C2D9E-2166-47C1-8150-7460046E573B}
		{6462274E-10F4-4D50-AE01-E428374BE86A} = {577C2D9E-2166-47C1-8150-7460046E573B}
	EndGlobalSection
	GlobalSection(ExtensibilityGlobals) = postSolution
		SolutionGuid = {E949685C-1BC4-4D2F-9956-808ADD98C86A}
	EndGlobalSection
EndGlobal
